{
  "name": "pi-memory-extension",
  "version": "1.0.0",
  "lockfileVersion": 3,
  "requires": true,
  "packages": {
    "": {
      "name": "pi-memory-extension",
      "version": "1.0.0",
      "dependencies": {
        "fastest-levenshtein": "^1.0.16"
      },
      "devDependencies": {
        "@types/node": "^20.0.0"
      }
    },
    "node_modules/@types/node": {
      "version": "20.19.33",
      "resolved": "https://registry.npmjs.org/@types/node/-/node-20.19.33.tgz",
      "integrity": "sha512-Rs1bVAIdBs5gbTIKza/tgpMuG1k3U/UMJLWecIMxNdJFDMzcM5LOiLVRYh3PilWEYDIeUDv7bpiHPLPsbydGcw==",
      "dev": true,
      "license": "MIT",
      "dependencies": {
        "undici-types": "~6.21.0"
      }
    },
    "node_modules/fastest-levenshtein": {
      "version": "1.0.16",
      "resolved": "https://registry.npmjs.org/fastest-levenshtein/-/fastest-levenshtein-1.0.16.tgz",
      "integrity": "sha512-eRnCtTTtGZFpQCwhJiUOuxPQWRXVKYDn0b2PeHfXL6/Zi53SLAzAHfVhVWK2AryC/WH05kGfxhFIPvTF0SXQzg==",
      "license": "MIT",
      "engines": {
        "node": ">= 4.9.1"
      }
    },
    "node_modules/undici-types": {
      "version": "6.21.0",
      "resolved": "https://registry.npmjs.org/undici-types/-/undici-types-6.21.0.tgz",
      "integrity": "sha512-iwDZqg0QAGrg9Rav5H4n0M64c3mkR59cJ6wQp+7C4nI0gsmExaedaYLNO44eT4AtBBwjbTiGPMlt2Md0T9H9JQ==",
      "dev": true,
      "license": "MIT"
    }
  }
}
